{
    "name": "tfy-env-to-yaml-gh",
    "version": "1.0.0",
    "lockfileVersion": 3,
    "requires": true,
    "packages": {
        "": {
            "name": "tfy-env-to-yaml-gh",
            "version": "1.0.0",
            "license": "ISC",
            "dependencies": {
                "@actions/core": "^1.9.1",
                "dotenv": "^16.0.1",
                "fs": "^0.0.1-security",
                "yaml": "^2.4.3"
            }
        },
        "node_modules/@actions/core": {
            "version": "1.9.1",
            "resolved": "https://registry.npmjs.org/@actions/core/-/core-1.9.1.tgz",
            "integrity": "sha512-5ad+U2YGrmmiw6du20AQW5XuWo7UKN2052FjSV7MX+Wfjf8sCqcsZe62NfgHys4QI4/Y+vQvLKYL8jWtA1ZBTA==",
            "dependencies": {
                "@actions/http-client": "^2.0.1",
                "uuid": "^8.3.2"
            }
        },
        "node_modules/@actions/http-client": {
            "version": "2.0.1",
            "resolved": "https://registry.npmjs.org/@actions/http-client/-/http-client-2.0.1.tgz",
            "integrity": "sha512-PIXiMVtz6VvyaRsGY268qvj57hXQEpsYogYOu2nrQhlf+XCGmZstmuZBbAybUl1nQGnvS1k1eEsQ69ZoD7xlSw==",
            "dependencies": {
                "tunnel": "^0.0.6"
            }
        },
        "node_modules/dotenv": {
            "version": "16.0.1",
            "resolved": "https://registry.npmjs.org/dotenv/-/dotenv-16.0.1.tgz",
            "integrity": "sha512-1K6hR6wtk2FviQ4kEiSjFiH5rpzEVi8WW0x96aztHVMhEspNpc4DVOUTEHtEva5VThQ8IaBX1Pe4gSzpVVUsKQ==",
            "engines": {
                "node": ">=12"
            }
        },
        "node_modules/fs": {
            "version": "0.0.1-security",
            "resolved": "https://registry.npmjs.org/fs/-/fs-0.0.1-security.tgz",
            "integrity": "sha512-3XY9e1pP0CVEUCdj5BmfIZxRBTSDycnbqhIOGec9QYtmVH2fbLpj86CFWkrNOkt/Fvty4KZG5lTglL9j/gJ87w=="
        },
        "node_modules/tunnel": {
            "version": "0.0.6",
            "resolved": "https://registry.npmjs.org/tunnel/-/tunnel-0.0.6.tgz",
            "integrity": "sha512-1h/Lnq9yajKY2PEbBadPXj3VxsDDu844OnaAo52UVmIzIvwwtBPIuNvkjuzBlTWpfJyUbG3ez0KSBibQkj4ojg==",
            "engines": {
                "node": ">=0.6.11 <=0.7.0 || >=0.7.3"
            }
        },
        "node_modules/uuid": {
            "version": "8.3.2",
            "resolved": "https://registry.npmjs.org/uuid/-/uuid-8.3.2.tgz",
            "integrity": "sha512-+NYs2QeMWy+GWFOEm9xnn6HCDp0l7QBD7ml8zLUmJ+93Q5NF0NocErnwkTkXVFNiX3/fpC6afS8Dhb/gz7R7eg==",
            "bin": {
                "uuid": "dist/bin/uuid"
            }
        },
        "node_modules/yaml": {
            "version": "2.4.3",
            "resolved": "https://registry.npmjs.org/yaml/-/yaml-2.4.3.tgz",
            "integrity": "sha512-sntgmxj8o7DE7g/Qi60cqpLBA3HG3STcDA0kO+WfB05jEKhZMbY7umNm2rBpQvsmZ16/lPXCJGW2672dgOUkrg==",
            "bin": {
                "yaml": "bin.mjs"
            },
            "engines": {
                "node": ">= 14"
            }
        }
    }
}
